// !$*UTF8*$!
{
	archiveVersion = 1;
	classes = {
	};
	objectVersion = 46;
	objects = {

/* Begin PBXBuildFile section */
		1A3AECB91971DCD50097F089 /* Cocoa.framework in Frameworks */ = {isa = PBXBuildFile; fileRef = 1A3AECB81971DCD50097F089 /* Cocoa.framework */; };
		1A3AECBB1971DCD50097F089 /* SpriteKit.framework in Frameworks */ = {isa = PBXBuildFile; fileRef = 1A3AECBA1971DCD50097F089 /* SpriteKit.framework */; };
		1A3AECC51971DCD50097F089 /* InfoPlist.strings in Resources */ = {isa = PBXBuildFile; fileRef = 1A3AECC31971DCD50097F089 /* InfoPlist.strings */; };
		1A3AECC71971DCD50097F089 /* main.m in Sources */ = {isa = PBXBuildFile; fileRef = 1A3AECC61971DCD50097F089 /* main.m */; };
		1A3AECCB1971DCD50097F089 /* Credits.rtf in Resources */ = {isa = PBXBuildFile; fileRef = 1A3AECC91971DCD50097F089 /* Credits.rtf */; };
		1A3AECCD1971DCD50097F089 /* MainMenu.xib in Resources */ = {isa = PBXBuildFile; fileRef = 1A3AECCC1971DCD50097F089 /* MainMenu.xib */; };
		1A3AECCF1971DCD50097F089 /* JBMyScene.m in Sources */ = {isa = PBXBuildFile; fileRef = 1A3AECCE1971DCD50097F089 /* JBMyScene.m */; };
		1A3AECD21971DCD50097F089 /* JBAppDelegate.m in Sources */ = {isa = PBXBuildFile; fileRef = 1A3AECD11971DCD50097F089 /* JBAppDelegate.m */; };
		1A3AECD51971DCD50097F089 /* Spaceship.png in Resources */ = {isa = PBXBuildFile; fileRef = 1A3AECD41971DCD50097F089 /* Spaceship.png */; };
		1A3AECD71971DCD50097F089 /* Images.xcassets in Resources */ = {isa = PBXBuildFile; fileRef = 1A3AECD61971DCD50097F089 /* Images.xcassets */; };
		1A3AECDE1971DCD50097F089 /* XCTest.framework in Frameworks */ = {isa = PBXBuildFile; fileRef = 1A3AECDD1971DCD50097F089 /* XCTest.framework */; };
		1A3AECDF1971DCD50097F089 /* Cocoa.framework in Frameworks */ = {isa = PBXBuildFile; fileRef = 1A3AECB81971DCD50097F089 /* Cocoa.framework */; };
		1A3AECE71971DCD50097F089 /* InfoPlist.strings in Resources */ = {isa = PBXBuildFile; fileRef = 1A3AECE51971DCD50097F089 /* InfoPlist.strings */; };
		1A3AECE91971DCD50097F089 /* SpritesTests.m in Sources */ = {isa = PBXBuildFile; fileRef = 1A3AECE81971DCD50097F089 /* SpritesTests.m */; };
/* End PBXBuildFile section */

/* Begin PBXContainerItemProxy section */
		1A3AECE01971DCD50097F089 /* PBXContainerItemProxy */ = {
			isa = PBXContainerItemProxy;
			containerPortal = 1A3AECAD1971DCD50097F089 /* Project object */;
			proxyType = 1;
			remoteGlobalIDString = 1A3AECB41971DCD50097F089;
			remoteInfo = Sprites;
		};
/* End PBXContainerItemProxy section */

/* Begin PBXFileReference section */
		1A3AECB51971DCD50097F089 /* Sprites.app */ = {isa = PBXFileReference; explicitFileType = wrapper.application; includeInIndex = 0; path = Sprites.app; sourceTree = BUILT_PRODUCTS_DIR; };
		1A3AECB81971DCD50097F089 /* Cocoa.framework */ = {isa = PBXFileReference; lastKnownFileType = wrapper.framework; name = Cocoa.framework; path = System/Library/Frameworks/Cocoa.framework; sourceTree = SDKROOT; };
		1A3AECBA1971DCD50097F089 /* SpriteKit.framework */ = {isa = PBXFileReference; lastKnownFileType = wrapper.framework; name = SpriteKit.framework; path = System/Library/Frameworks/SpriteKit.framework; sourceTree = SDKROOT; };
		1A3AECBD1971DCD50097F089 /* AppKit.framework */ = {isa = PBXFileReference; lastKnownFileType = wrapper.framework; name = AppKit.framework; path = System/Library/Frameworks/AppKit.framework; sourceTree = SDKROOT; };
		1A3AECBE1971DCD50097F089 /* CoreData.framework */ = {isa = PBXFileReference; lastKnownFileType = wrapper.framework; name = CoreData.framework; path = System/Library/Frameworks/CoreData.framework; sourceTree = SDKROOT; };
		1A3AECBF1971DCD50097F089 /* Foundation.framework */ = {isa = PBXFileReference; lastKnownFileType = wrapper.framework; name = Foundation.framework; path = System/Library/Frameworks/Foundation.framework; sourceTree = SDKROOT; };
		1A3AECC21971DCD50097F089 /* Sprites-Info.plist */ = {isa = PBXFileReference; lastKnownFileType = text.plist.xml; path = "Sprites-Info.plist"; sourceTree = "<group>"; };
		1A3AECC41971DCD50097F089 /* en */ = {isa = PBXFileReference; lastKnownFileType = text.plist.strings; name = en; path = en.lproj/InfoPlist.strings; sourceTree = "<group>"; };
		1A3AECC61971DCD50097F089 /* main.m */ = {isa = PBXFileReference; lastKnownFileType = sourcecode.c.objc; path = main.m; sourceTree = "<group>"; };
		1A3AECC81971DCD50097F089 /* Sprites-Prefix.pch */ = {isa = PBXFileReference; lastKnownFileType = sourcecode.c.h; path = "Sprites-Prefix.pch"; sourceTree = "<group>"; };
		1A3AECCA1971DCD50097F089 /* en */ = {isa = PBXFileReference; lastKnownFileType = text.rtf; name = en; path = en.lproj/Credits.rtf; sourceTree = "<group>"; };
		1A3AECCC1971DCD50097F089 /* MainMenu.xib */ = {isa = PBXFileReference; lastKnownFileType = file.xib; path = MainMenu.xib; sourceTree = "<group>"; };
		1A3AECCE1971DCD50097F089 /* JBMyScene.m */ = {isa = PBXFileReference; lastKnownFileType = sourcecode.c.objc; path = JBMyScene.m; sourceTree = "<group>"; };
		1A3AECD01971DCD50097F089 /* JBMyScene.h */ = {isa = PBXFileReference; lastKnownFileType = sourcecode.c.h; path = JBMyScene.h; sourceTree = "<group>"; };
		1A3AECD11971DCD50097F089 /* JBAppDelegate.m */ = {isa = PBXFileReference; lastKnownFileType = sourcecode.c.objc; path = JBAppDelegate.m; sourceTree = "<group>"; };
		1A3AECD31971DCD50097F089 /* JBAppDelegate.h */ = {isa = PBXFileReference; lastKnownFileType = sourcecode.c.h; path = JBAppDelegate.h; sourceTree = "<group>"; };
		1A3AECD41971DCD50097F089 /* Spaceship.png */ = {isa = PBXFileReference; lastKnownFileType = image.png; path = Spaceship.png; sourceTree = "<group>"; };
		1A3AECD61971DCD50097F089 /* Images.xcassets */ = {isa = PBXFileReference; lastKnownFileType = folder.assetcatalog; path = Images.xcassets; sourceTree = "<group>"; };
		1A3AECDC1971DCD50097F089 /* SpritesTests.xctest */ = {isa = PBXFileReference; explicitFileType = wrapper.cfbundle; includeInIndex = 0; path = SpritesTests.xctest; sourceTree = BUILT_PRODUCTS_DIR; };
		1A3AECDD1971DCD50097F089 /* XCTest.framework */ = {isa = PBXFileReference; lastKnownFileType = wrapper.framework; name = XCTest.framework; path = Library/Frameworks/XCTest.framework; sourceTree = DEVELOPER_DIR; };
		1A3AECE41971DCD50097F089 /* SpritesTests-Info.plist */ = {isa = PBXFileReference; lastKnownFileType = text.plist.xml; path = "SpritesTests-Info.plist"; sourceTree = "<group>"; };
		1A3AECE61971DCD50097F089 /* en */ = {isa = PBXFileReference; lastKnownFileType = text.plist.strings; name = en; path = en.lproj/InfoPlist.strings; sourceTree = "<group>"; };
		1A3AECE81971DCD50097F089 /* SpritesTests.m */ = {isa = PBXFileReference; lastKnownFileType = sourcecode.c.objc; path = SpritesTests.m; sourceTree = "<group>"; };
/* End PBXFileReference section */

/* Begin PBXFrameworksBuildPhase section */
		1A3AECB21971DCD50097F089 /* Frameworks */ = {
			isa = PBXFrameworksBuildPhase;
			buildActionMask = 2147483647;
			files = (
				1A3AECBB1971DCD50097F089 /* SpriteKit.framework in Frameworks */,
				1A3AECB91971DCD50097F089 /* Cocoa.framework in Frameworks */,
			);
			runOnlyForDeploymentPostprocessing = 0;
		};
		1A3AECD91971DCD50097F089 /* Frameworks */ = {
			isa = PBXFrameworksBuildPhase;
			buildActionMask = 2147483647;
			files = (
				1A3AECDF1971DCD50097F089 /* Cocoa.framework in Frameworks */,
				1A3AECDE1971DCD50097F089 /* XCTest.framework in Frameworks */,
			);
			runOnlyForDeploymentPostprocessing = 0;
		};
/* End PBXFrameworksBuildPhase section */

/* Begin PBXGroup section */
		1A3AECAC1971DCD50097F089 = {
			isa = PBXGroup;
			children = (
				1A3AECC01971DCD50097F089 /* Sprites */,
				1A3AECE21971DCD50097F089 /* SpritesTests */,
				1A3AECB71971DCD50097F089 /* Frameworks */,
				1A3AECB61971DCD50097F089 /* Products */,
			);
			sourceTree = "<group>";
		};
		1A3AECB61971DCD50097F089 /* Products */ = {
			isa = PBXGroup;
			children = (
				1A3AECB51971DCD50097F089 /* Sprites.app */,
				1A3AECDC1971DCD50097F089 /* SpritesTests.xctest */,
			);
			name = Products;
			sourceTree = "<group>";
		};
		1A3AECB71971DCD50097F089 /* Frameworks */ = {
			isa = PBXGroup;
			children = (
				1A3AECB81971DCD50097F089 /* Cocoa.framework */,
				1A3AECBA1971DCD50097F089 /* SpriteKit.framework */,
				1A3AECDD1971DCD50097F089 /* XCTest.framework */,
				1A3AECBC1971DCD50097F089 /* Other Frameworks */,
			);
			name = Frameworks;
			sourceTree = "<group>";
		};
		1A3AECBC1971DCD50097F089 /* Other Frameworks */ = {
			isa = PBXGroup;
			children = (
				1A3AECBD1971DCD50097F089 /* AppKit.framework */,
				1A3AECBE1971DCD50097F089 /* CoreData.framework */,
				1A3AECBF1971DCD50097F089 /* Foundation.framework */,
			);
			name = "Other Frameworks";
			sourceTree = "<group>";
		};
		1A3AECC01971DCD50097F089 /* Sprites */ = {
			isa = PBXGroup;
			children = (
				1A3AECCC1971DCD50097F089 /* MainMenu.xib */,
				1A3AECCE1971DCD50097F089 /* JBMyScene.m */,
				1A3AECD01971DCD50097F089 /* JBMyScene.h */,
				1A3AECD11971DCD50097F089 /* JBAppDelegate.m */,
				1A3AECD31971DCD50097F089 /* JBAppDelegate.h */,
				1A3AECD41971DCD50097F089 /* Spaceship.png */,
				1A3AECD61971DCD50097F089 /* Images.xcassets */,
				1A3AECC11971DCD50097F089 /* Supporting Files */,
			);
			path = Sprites;
			sourceTree = "<group>";
		};
		1A3AECC11971DCD50097F089 /* Supporting Files */ = {
			isa = PBXGroup;
			children = (
				1A3AECC21971DCD50097F089 /* Sprites-Info.plist */,
				1A3AECC31971DCD50097F089 /* InfoPlist.strings */,
				1A3AECC61971DCD50097F089 /* main.m */,
				1A3AECC81971DCD50097F089 /* Sprites-Prefix.pch */,
				1A3AECC91971DCD50097F089 /* Credits.rtf */,
			);
			name = "Supporting Files";
			sourceTree = "<group>";
		};
		1A3AECE21971DCD50097F089 /* SpritesTests */ = {
			isa = PBXGroup;
			children = (
				1A3AECE81971DCD50097F089 /* SpritesTests.m */,
				1A3AECE31971DCD50097F089 /* Supporting Files */,
			);
			path = SpritesTests;
			sourceTree = "<group>";
		};
		1A3AECE31971DCD50097F089 /* Supporting Files */ = {
			isa = PBXGroup;
			children = (
				1A3AECE41971DCD50097F089 /* SpritesTests-Info.plist */,
				1A3AECE51971DCD50097F089 /* InfoPlist.strings */,
			);
			name = "Supporting Files";
			sourceTree = "<group>";
		};
/* End PBXGroup section */

/* Begin PBXNativeTarget section */
		1A3AECB41971DCD50097F089 /* Sprites */ = {
			isa = PBXNativeTarget;
			buildConfigurationList = 1A3AECEC1971DCD50097F089 /* Build configuration list for PBXNativeTarget "Sprites" */;
			buildPhases = (
				1A3AECB11971DCD50097F089 /* Sources */,
				1A3AECB21971DCD50097F089 /* Frameworks */,
				1A3AECB31971DCD50097F089 /* Resources */,
			);
			buildRules = (
			);
			dependencies = (
			);
			name = Sprites;
			productName = Sprites;
			productReference = 1A3AECB51971DCD50097F089 /* Sprites.app */;
			productType = "com.apple.product-type.application";
		};
		1A3AECDB1971DCD50097F089 /* SpritesTests */ = {
			isa = PBXNativeTarget;
			buildConfigurationList = 1A3AECEF1971DCD50097F089 /* Build configuration list for PBXNativeTarget "SpritesTests" */;
			buildPhases = (
				1A3AECD81971DCD50097F089 /* Sources */,
				1A3AECD91971DCD50097F089 /* Frameworks */,
				1A3AECDA1971DCD50097F089 /* Resources */,
			);
			buildRules = (
			);
			dependencies = (
				1A3AECE11971DCD50097F089 /* PBXTargetDependency */,
			);
			name = SpritesTests;
			productName = SpritesTests;
			productReference = 1A3AECDC1971DCD50097F089 /* SpritesTests.xctest */;
			productType = "com.apple.product-type.bundle.unit-test";
		};
/* End PBXNativeTarget section */

/* Begin PBXProject section */
		1A3AECAD1971DCD50097F089 /* Project object */ = {
			isa = PBXProject;
			attributes = {
				CLASSPREFIX = JB;
				LastUpgradeCheck = 0510;
				ORGANIZATIONNAME = "Jon Brooks";
				TargetAttributes = {
					1A3AECDB1971DCD50097F089 = {
						TestTargetID = 1A3AECB41971DCD50097F089;
					};
				};
			};
			buildConfigurationList = 1A3AECB01971DCD50097F089 /* Build configuration list for PBXProject "Sprites" */;
			compatibilityVersion = "Xcode 3.2";
			developmentRegion = English;
			hasScannedForEncodings = 0;
			knownRegions = (
				en,
			);
			mainGroup = 1A3AECAC1971DCD50097F089;
			productRefGroup = 1A3AECB61971DCD50097F089 /* Products */;
			projectDirPath = "";
			projectRoot = "";
			targets = (
				1A3AECB41971DCD50097F089 /* Sprites */,
				1A3AECDB1971DCD50097F089 /* SpritesTests */,
			);
		};
/* End PBXProject section */

/* Begin PBXResourcesBuildPhase section */
		1A3AECB31971DCD50097F089 /* Resources */ = {
			isa = PBXResourcesBuildPhase;
			buildActionMask = 2147483647;
			files = (
				1A3AECD51971DCD50097F089 /* Spaceship.png in Resources */,
				1A3AECD71971DCD50097F089 /* Images.xcassets in Resources */,
				1A3AECC51971DCD50097F089 /* InfoPlist.strings in Resources */,
				1A3AECCB1971DCD50097F089 /* Credits.rtf in Resources */,
				1A3AECCD1971DCD50097F089 /* MainMenu.xib in Resources */,
			);
			runOnlyForDeploymentPostprocessing = 0;
		};
		1A3AECDA1971DCD50097F089 /* Resources */ = {
			isa = PBXResourcesBuildPhase;
			buildActionMask = 2147483647;
			files = (
				1A3AECE71971DCD50097F089 /* InfoPlist.strings in Resources */,
			);
			runOnlyForDeploymentPostprocessing = 0;
		};
/* End PBXResourcesBuildPhase section */

/* Begin PBXSourcesBuildPhase section */
		1A3AECB11971DCD50097F089 /* Sources */ = {
			isa = PBXSourcesBuildPhase;
			buildActionMask = 2147483647;
			files = (
				1A3AECCF1971DCD50097F089 /* JBMyScene.m in Sources */,
				1A3AECC71971DCD50097F089 /* main.m in Sources */,
				1A3AECD21971DCD50097F089 /* JBAppDelegate.m in Sources */,
			);
			runOnlyForDeploymentPostprocessing = 0;
		};
		1A3AECD81971DCD50097F089 /* Sources */ = {
			isa = PBXSourcesBuildPhase;
			buildActionMask = 2147483647;
			files = (
				1A3AECE91971DCD50097F089 /* SpritesTests.m in Sources */,
			);
			runOnlyForDeploymentPostprocessing = 0;
		};
/* End PBXSourcesBuildPhase section */

/* Begin PBXTargetDependency section */
		1A3AECE11971DCD50097F089 /* PBXTargetDependency */ = {
			isa = PBXTargetDependency;
			target = 1A3AECB41971DCD50097F089 /* Sprites */;
			targetProxy = 1A3AECE01971DCD50097F089 /* PBXContainerItemProxy */;
		};
/* End PBXTargetDependency section */

/* Begin PBXVariantGroup section */
		1A3AECC31971DCD50097F089 /* InfoPlist.strings */ = {
			isa = PBXVariantGroup;
			children = (
				1A3AECC41971DCD50097F089 /* en */,
			);
			name = InfoPlist.strings;
			sourceTree = "<group>";
		};
		1A3AECC91971DCD50097F089 /* Credits.rtf */ = {
			isa = PBXVariantGroup;
			children = (
				1A3AECCA1971DCD50097F089 /* en */,
			);
			name = Credits.rtf;
			sourceTree = "<group>";
		};
		1A3AECE51971DCD50097F089 /* InfoPlist.strings */ = {
			isa = PBXVariantGroup;
			children = (
				1A3AECE61971DCD50097F089 /* en */,
			);
			name = InfoPlist.strings;
			sourceTree = "<group>";
		};
/* End PBXVariantGroup section */

/* Begin XCBuildConfiguration section */
		1A3AECEA1971DCD50097F089 /* Debug */ = {
			isa = XCBuildConfiguration;
			buildSettings = {
				ALWAYS_SEARCH_USER_PATHS = NO;
				CLANG_CXX_LANGUAGE_STANDARD = "gnu++0x";
				CLANG_CXX_LIBRARY = "libc++";
				CLANG_ENABLE_MODULES = YES;
				CLANG_ENABLE_OBJC_ARC = YES;
				CLANG_WARN_BOOL_CONVERSION = YES;
				CLANG_WARN_CONSTANT_CONVERSION = YES;
				CLANG_WARN_DIRECT_OBJC_ISA_USAGE = YES_ERROR;
				CLANG_WARN_EMPTY_BODY = YES;
				CLANG_WARN_ENUM_CONVERSION = YES;
				CLANG_WARN_INT_CONVERSION = YES;
				CLANG_WARN_OBJC_ROOT_CLASS = YES_ERROR;
				CLANG_WARN__DUPLICATE_METHOD_MATCH = YES;
				COPY_PHASE_STRIP = NO;
				GCC_C_LANGUAGE_STANDARD = gnu99;
				GCC_DYNAMIC_NO_PIC = NO;
				GCC_ENABLE_OBJC_EXCEPTIONS = YES;
				GCC_OPTIMIZATION_LEVEL = 0;
				GCC_PREPROCESSOR_DEFINITIONS = (
					"DEBUG=1",
					"$(inherited)",
				);
				GCC_SYMBOLS_PRIVATE_EXTERN = NO;
				GCC_WARN_64_TO_32_BIT_CONVERSION = YES;
				GCC_WARN_ABOUT_RETURN_TYPE = YES_ERROR;
				GCC_WARN_UNDECLARED_SELECTOR = YES;
				GCC_WARN_UNINITIALIZED_AUTOS = YES_AGGRESSIVE;
				GCC_WARN_UNUSED_FUNCTION = YES;
				GCC_WARN_UNUSED_VARIABLE = YES;
				MACOSX_DEPLOYMENT_TARGET = 10.9;
				ONLY_ACTIVE_ARCH = YES;
				SDKROOT = macosx;
			};
			name = Debug;
		};
		1A3AECEB1971DCD50097F089 /* Release */ = {
			isa = XCBuildConfiguration;
			buildSettings = {
				ALWAYS_SEARCH_USER_PATHS = NO;
				CLANG_CXX_LANGUAGE_STANDARD = "gnu++0x";
				CLANG_CXX_LIBRARY = "libc++";
				CLANG_ENABLE_MODULES = YES;
				CLANG_ENABLE_OBJC_ARC = YES;
				CLANG_WARN_BOOL_CONVERSION = YES;
				CLANG_WARN_CONSTANT_CONVERSION = YES;
				CLANG_WARN_DIRECT_OBJC_ISA_USAGE = YES_ERROR;
				CLANG_WARN_EMPTY_BODY = YES;
				CLANG_WARN_ENUM_CONVERSION = YES;
				CLANG_WARN_INT_CONVERSION = YES;
				CLANG_WARN_OBJC_ROOT_CLASS = YES_ERROR;
				CLANG_WARN__DUPLICATE_METHOD_MATCH = YES;
				COPY_PHASE_STRIP = YES;
				DEBUG_INFORMATION_FORMAT = "dwarf-with-dsym";
				ENABLE_NS_ASSERTIONS = NO;
				GCC_C_LANGUAGE_STANDARD = gnu99;
				GCC_ENABLE_OBJC_EXCEPTIONS = YES;
				GCC_WARN_64_TO_32_BIT_CONVERSION = YES;
				GCC_WARN_ABOUT_RETURN_TYPE = YES_ERROR;
				GCC_WARN_UNDECLARED_SELECTOR = YES;
				GCC_WARN_UNINITIALIZED_AUTOS = YES_AGGRESSIVE;
				GCC_WARN_UNUSED_FUNCTION = YES;
				GCC_WARN_UNUSED_VARIABLE = YES;
				MACOSX_DEPLOYMENT_TARGET = 10.9;
				SDKROOT = macosx;
			};
			name = Release;
		};
		1A3AECED1971DCD50097F089 /* Debug */ = {
			isa = XCBuildConfiguration;
			buildSettings = {
				ASSETCATALOG_COMPILER_APPICON_NAME = AppIcon;
				COMBINE_HIDPI_IMAGES = YES;
				GCC_PRECOMPILE_PREFIX_HEADER = YES;
				GCC_PREFIX_HEADER = "Sprites/Sprites-Prefix.pch";
				INFOPLIST_FILE = "Sprites/Sprites-Info.plist";
				PRODUCT_NAME = "$(TARGET_NAME)";
				SPRITEKIT_TEXTURE_ATLAS_OUTPUT = YES;
				WRAPPER_EXTENSION = app;
			};
			name = Debug;
		};
		1A3AECEE1971DCD50097F089 /* Release */ = {
			isa = XCBuildConfiguration;
			buildSettings = {
				ASSETCATALOG_COMPILER_APPICON_NAME = AppIcon;
				COMBINE_HIDPI_IMAGES = YES;
				GCC_PRECOMPILE_PREFIX_HEADER = YES;
				GCC_PREFIX_HEADER = "Sprites/Sprites-Prefix.pch";
				INFOPLIST_FILE = "Sprites/Sprites-Info.plist";
				PRODUCT_NAME = "$(TARGET_NAME)";
				SPRITEKIT_TEXTURE_ATLAS_OUTPUT = YES;
				WRAPPER_EXTENSION = app;
			};
			name = Release;
		};
		1A3AECF01971DCD50097F089 /* Debug */ = {
			isa = XCBuildConfiguration;
			buildSettings = {
				BUNDLE_LOADER = "$(BUILT_PRODUCTS_DIR)/Sprites.app/Contents/MacOS/Sprites";
				COMBINE_HIDPI_IMAGES = YES;
				FRAMEWORK_SEARCH_PATHS = (
					"$(DEVELOPER_FRAMEWORKS_DIR)",
					"$(inherited)",
				);
				GCC_PRECOMPILE_PREFIX_HEADER = YES;
				GCC_PREFIX_HEADER = "Sprites/Sprites-Prefix.pch";
				GCC_PREPROCESSOR_DEFINITIONS = (
					"DEBUG=1",
					"$(inherited)",
				);
				INFOPLIST_FILE = "SpritesTests/SpritesTests-Info.plist";
				PRODUCT_NAME = "$(TARGET_NAME)";
				TEST_HOST = "$(BUNDLE_LOADER)";
				WRAPPER_EXTENSION = xctest;
			};
			name = Debug;
		};
		1A3AECF11971DCD50097F089 /* Release */ = {
			isa = XCBuildConfiguration;
			buildSettings = {
				BUNDLE_LOADER = "$(BUILT_PRODUCTS_DIR)/Sprites.app/Contents/MacOS/Sprites";
				COMBINE_HIDPI_IMAGES = YES;
				FRAMEWORK_SEARCH_PATHS = (
					"$(DEVELOPER_FRAMEWORKS_DIR)",
					"$(inherited)",
				);
				GCC_PRECOMPILE_PREFIX_HEADER = YES;
				GCC_PREFIX_HEADER = "Sprites/Sprites-Prefix.pch";
				INFOPLIST_FILE = "SpritesTests/SpritesTests-Info.plist";
				PRODUCT_NAME = "$(TARGET_NAME)";
				TEST_HOST = "$(BUNDLE_LOADER)";
				WRAPPER_EXTENSION = xctest;
			};
			name = Release;
		};
/* End XCBuildConfiguration section */

/* Begin XCConfigurationList section */
		1A3AECB01971DCD50097F089 /* Build configuration list for PBXProject "Sprites" */ = {
			isa = XCConfigurationList;
			buildConfigurations = (
				1A3AECEA1971DCD50097F089 /* Debug */,
				1A3AECEB1971DCD50097F089 /* Release */,
			);
			defaultConfigurationIsVisible = 0;
			defaultConfigurationName = Release;
		};
		1A3AECEC1971DCD50097F089 /* Build configuration list for PBXNativeTarget "Sprites" */ = {
			isa = XCConfigurationList;
			buildConfigurations = (
				1A3AECED1971DCD50097F089 /* Debug */,
				1A3AECEE1971DCD50097F089 /* Release */,
			);
			defaultConfigurationIsVisible = 0;
		};
		1A3AECEF1971DCD50097F089 /* Build configuration list for PBXNativeTarget "SpritesTests" */ = {
			isa = XCConfigurationList;
			buildConfigurations = (
				1A3AECF01971DCD50097F089 /* Debug */,
				1A3AECF11971DCD50097F089 /* Release */,
			);
			defaultConfigurationIsVisible = 0;
		};
/* End XCConfigurationList section */
	};
	rootObject = 1A3AECAD1971DCD50097F089 /* Project object */;
}
